
Microsoft Visual Studio Solution File, Format Version 12.00
# Visual Studio Version 16
VisualStudioVersion = 16.0.29709.97
MinimumVisualStudioVersion = 10.0.40219.1
Project("{9A19103F-16F7-4668-BE54-9A1E7A4F7556}") = "ProyectoFinal_Web", "ProyectoFinal_Web\ProyectoFinal_Web.csproj", "{348BB296-BE34-468D-9786-29C015E4E0AD}"
EndProject
Global
	GlobalSection(SolutionConfigurationPlatforms) = preSolution
		Debug|Any CPU = Debug|Any CPU
		Release|Any CPU = Release|Any CPU
	EndGlobalSection
	GlobalSection(ProjectConfigurationPlatforms) = postSolution
		{348BB296-BE34-468D-9786-29C015E4E0AD}.Debug|Any CPU.ActiveCfg = Debug|Any CPU
		{348BB296-BE34-468D-9786-29C015E4E0AD}.Debug|Any CPU.Build.0 = Debug|Any CPU
		{348BB296-BE34-468D-9786-29C015E4E0AD}.Release|Any CPU.ActiveCfg = Release|Any CPU
		{348BB296-BE34-468D-9786-29C015E4E0AD}.Release|Any CPU.Build.0 = Release|Any CPU
	EndGlobalSection
	GlobalSection(SolutionProperties) = preSolution
		HideSolutionNode = FALSE
	EndGlobalSection
	GlobalSection(ExtensibilityGlobals) = postSolution
		SolutionGuid = {33F7133C-1C71-4851-87F3-1E312FE90719}
	EndGlobalSection
EndGlobal
